// !$*UTF8*$!
{
	archiveVersion = 1;
	classes = {
	};
	objectVersion = 48;
	objects = {

/* Begin PBXBuildFile section */
		54C854D62016A5E9002DFA2B /* AppDelegate.swift in Sources */ = {isa = PBXBuildFile; fileRef = 54C854D52016A5E9002DFA2B /* AppDelegate.swift */; };
		54C854D82016A5E9002DFA2B /* ViewController.swift in Sources */ = {isa = PBXBuildFile; fileRef = 54C854D72016A5E9002DFA2B /* ViewController.swift */; };
		54C854DB2016A5E9002DFA2B /* Main.storyboard in Resources */ = {isa = PBXBuildFile; fileRef = 54C854D92016A5E9002DFA2B /* Main.storyboard */; };
		54C854DD2016A5E9002DFA2B /* Assets.xcassets in Resources */ = {isa = PBXBuildFile; fileRef = 54C854DC2016A5E9002DFA2B /* Assets.xcassets */; };
		54C854E02016A5E9002DFA2B /* LaunchScreen.storyboard in Resources */ = {isa = PBXBuildFile; fileRef = 54C854DE2016A5E9002DFA2B /* LaunchScreen.storyboard */; };
		54C854EB2016A5EA002DFA2B /* tipCalculatorTests.swift in Sources */ = {isa = PBXBuildFile; fileRef = 54C854EA2016A5EA002DFA2B /* tipCalculatorTests.swift */; };
		54C854F62016A5EA002DFA2B /* tipCalculatorUITests.swift in Sources */ = {isa = PBXBuildFile; fileRef = 54C854F52016A5EA002DFA2B /* tipCalculatorUITests.swift */; };
/* End PBXBuildFile section */

/* Begin PBXContainerItemProxy section */
		54C854E72016A5EA002DFA2B /* PBXContainerItemProxy */ = {
			isa = PBXContainerItemProxy;
			containerPortal = 54C854CA2016A5E9002DFA2B /* Project object */;
			proxyType = 1;
			remoteGlobalIDString = 54C854D12016A5E9002DFA2B;
			remoteInfo = tipCalculator;
		};
		54C854F22016A5EA002DFA2B /* PBXContainerItemProxy */ = {
			isa = PBXContainerItemProxy;
			containerPortal = 54C854CA2016A5E9002DFA2B /* Project object */;
			proxyType = 1;
			remoteGlobalIDString = 54C854D12016A5E9002DFA2B;
			remoteInfo = tipCalculator;
		};
/* End PBXContainerItemProxy section */

/* Begin PBXFileReference section */
		54C854D22016A5E9002DFA2B /* tipCalculator.app */ = {isa = PBXFileReference; explicitFileType = wrapper.application; includeInIndex = 0; path = tipCalculator.app; sourceTree = BUILT_PRODUCTS_DIR; };
		54C854D52016A5E9002DFA2B /* AppDelegate.swift */ = {isa = PBXFileReference; lastKnownFileType = sourcecode.swift; path = AppDelegate.swift; sourceTree = "<group>"; };
		54C854D72016A5E9002DFA2B /* ViewController.swift */ = {isa = PBXFileReference; lastKnownFileType = sourcecode.swift; path = ViewController.swift; sourceTree = "<group>"; };
		54C854DA2016A5E9002DFA2B /* Base */ = {isa = PBXFileReference; lastKnownFileType = file.storyboard; name = Base; path = Base.lproj/Main.storyboard; sourceTree = "<group>"; };
		54C854DC2016A5E9002DFA2B /* Assets.xcassets */ = {isa = PBXFileReference; lastKnownFileType = folder.assetcatalog; path = Assets.xcassets; sourceTree = "<group>"; };
		54C854DF2016A5E9002DFA2B /* Base */ = {isa = PBXFileReference; lastKnownFileType = file.storyboard; name = Base; path = Base.lproj/LaunchScreen.storyboard; sourceTree = "<group>"; };
		54C854E12016A5EA002DFA2B /* Info.plist */ = {isa = PBXFileReference; lastKnownFileType = text.plist.xml; path = Info.plist; sourceTree = "<group>"; };
		54C854E62016A5EA002DFA2B /* tipCalculatorTests.xctest */ = {isa = PBXFileReference; explicitFileType = wrapper.cfbundle; includeInIndex = 0; path = tipCalculatorTests.xctest; sourceTree = BUILT_PRODUCTS_DIR; };
		54C854EA2016A5EA002DFA2B /* tipCalculatorTests.swift */ = {isa = PBXFileReference; lastKnownFileType = sourcecode.swift; path = tipCalculatorTests.swift; sourceTree = "<group>"; };
		54C854EC2016A5EA002DFA2B /* Info.plist */ = {isa = PBXFileReference; lastKnownFileType = text.plist.xml; path = Info.plist; sourceTree = "<group>"; };
		54C854F12016A5EA002DFA2B /* tipCalculatorUITests.xctest */ = {isa = PBXFileReference; explicitFileType = wrapper.cfbundle; includeInIndex = 0; path = tipCalculatorUITests.xctest; sourceTree = BUILT_PRODUCTS_DIR; };
		54C854F52016A5EA002DFA2B /* tipCalculatorUITests.swift */ = {isa = PBXFileReference; lastKnownFileType = sourcecode.swift; path = tipCalculatorUITests.swift; sourceTree = "<group>"; };
		54C854F72016A5EA002DFA2B /* Info.plist */ = {isa = PBXFileReference; lastKnownFileType = text.plist.xml; path = Info.plist; sourceTree = "<group>"; };
/* End PBXFileReference section */

/* Begin PBXFrameworksBuildPhase section */
		54C854CF2016A5E9002DFA2B /* Frameworks */ = {
			isa = PBXFrameworksBuildPhase;
			buildActionMask = 2147483647;
			files = (
			);
			runOnlyForDeploymentPostprocessing = 0;
		};
		54C854E32016A5EA002DFA2B /* Frameworks */ = {
			isa = PBXFrameworksBuildPhase;
			buildActionMask = 2147483647;
			files = (
			);
			runOnlyForDeploymentPostprocessing = 0;
		};
		54C854EE2016A5EA002DFA2B /* Frameworks */ = {
			isa = PBXFrameworksBuildPhase;
			buildActionMask = 2147483647;
			files = (
			);
			runOnlyForDeploymentPostprocessing = 0;
		};
/* End PBXFrameworksBuildPhase section */

/* Begin PBXGroup section */
		54C854C92016A5E9002DFA2B = {
			isa = PBXGroup;
			children = (
				54C854D42016A5E9002DFA2B /* tipCalculator */,
				54C854E92016A5EA002DFA2B /* tipCalculatorTests */,
				54C854F42016A5EA002DFA2B /* tipCalculatorUITests */,
				54C854D32016A5E9002DFA2B /* Products */,
			);
			sourceTree = "<group>";
		};
		54C854D32016A5E9002DFA2B /* Products */ = {
			isa = PBXGroup;
			children = (
				54C854D22016A5E9002DFA2B /* tipCalculator.app */,
				54C854E62016A5EA002DFA2B /* tipCalculatorTests.xctest */,
				54C854F12016A5EA002DFA2B /* tipCalculatorUITests.xctest */,
			);
			name = Products;
			sourceTree = "<group>";
		};
		54C854D42016A5E9002DFA2B /* tipCalculator */ = {
			isa = PBXGroup;
			children = (
				54C854D52016A5E9002DFA2B /* AppDelegate.swift */,
				54C854D72016A5E9002DFA2B /* ViewController.swift */,
				54C854D92016A5E9002DFA2B /* Main.storyboard */,
				54C854DC2016A5E9002DFA2B /* Assets.xcassets */,
				54C854DE2016A5E9002DFA2B /* LaunchScreen.storyboard */,
				54C854E12016A5EA002DFA2B /* Info.plist */,
			);
			path = tipCalculator;
			sourceTree = "<group>";
		};
		54C854E92016A5EA002DFA2B /* tipCalculatorTests */ = {
			isa = PBXGroup;
			children = (
				54C854EA2016A5EA002DFA2B /* tipCalculatorTests.swift */,
				54C854EC2016A5EA002DFA2B /* Info.plist */,
			);
			path = tipCalculatorTests;
			sourceTree = "<group>";
		};
		54C854F42016A5EA002DFA2B /* tipCalculatorUITests */ = {
			isa = PBXGroup;
			children = (
				54C854F52016A5EA002DFA2B /* tipCalculatorUITests.swift */,
				54C854F72016A5EA002DFA2B /* Info.plist */,
			);
			path = tipCalculatorUITests;
			sourceTree = "<group>";
		};
/* End PBXGroup section */

/* Begin PBXNativeTarget section */
		54C854D12016A5E9002DFA2B /* tipCalculator */ = {
			isa = PBXNativeTarget;
			buildConfigurationList = 54C854FA2016A5EA002DFA2B /* Build configuration list for PBXNativeTarget "tipCalculator" */;
			buildPhases = (
				54C854CE2016A5E9002DFA2B /* Sources */,
				54C854CF2016A5E9002DFA2B /* Frameworks */,
				54C854D02016A5E9002DFA2B /* Resources */,
			);
			buildRules = (
			);
			dependencies = (
			);
			name = tipCalculator;
			productName = tipCalculator;
			productReference = 54C854D22016A5E9002DFA2B /* tipCalculator.app */;
			productType = "com.apple.product-type.application";
		};
		54C854E52016A5EA002DFA2B /* tipCalculatorTests */ = {
			isa = PBXNativeTarget;
			buildConfigurationList = 54C854FD2016A5EA002DFA2B /* Build configuration list for PBXNativeTarget "tipCalculatorTests" */;
			buildPhases = (
				54C854E22016A5EA002DFA2B /* Sources */,
				54C854E32016A5EA002DFA2B /* Frameworks */,
				54C854E42016A5EA002DFA2B /* Resources */,
			);
			buildRules = (
			);
			dependencies = (
				54C854E82016A5EA002DFA2B /* PBXTargetDependency */,
			);
			name = tipCalculatorTests;
			productName = tipCalculatorTests;
			productReference = 54C854E62016A5EA002DFA2B /* tipCalculatorTests.xctest */;
			productType = "com.apple.product-type.bundle.unit-test";
		};
		54C854F02016A5EA002DFA2B /* tipCalculatorUITests */ = {
			isa = PBXNativeTarget;
			buildConfigurationList = 54C855002016A5EA002DFA2B /* Build configuration list for PBXNativeTarget "tipCalculatorUITests" */;
			buildPhases = (
				54C854ED2016A5EA002DFA2B /* Sources */,
				54C854EE2016A5EA002DFA2B /* Frameworks */,
				54C854EF2016A5EA002DFA2B /* Resources */,
			);
			buildRules = (
			);
			dependencies = (
				54C854F32016A5EA002DFA2B /* PBXTargetDependency */,
			);
			name = tipCalculatorUITests;
			productName = tipCalculatorUITests;
			productReference = 54C854F12016A5EA002DFA2B /* tipCalculatorUITests.xctest */;
			productType = "com.apple.product-type.bundle.ui-testing";
		};
/* End PBXNativeTarget section */

/* Begin PBXProject section */
		54C854CA2016A5E9002DFA2B /* Project object */ = {
			isa = PBXProject;
			attributes = {
				LastSwiftUpdateCheck = 0920;
				LastUpgradeCheck = 0920;
				ORGANIZATIONNAME = "Diego Medina";
				TargetAttributes = {
					54C854D12016A5E9002DFA2B = {
						CreatedOnToolsVersion = 9.2;
						ProvisioningStyle = Automatic;
					};
					54C854E52016A5EA002DFA2B = {
						CreatedOnToolsVersion = 9.2;
						ProvisioningStyle = Automatic;
						TestTargetID = 54C854D12016A5E9002DFA2B;
					};
					54C854F02016A5EA002DFA2B = {
						CreatedOnToolsVersion = 9.2;
						ProvisioningStyle = Automatic;
						TestTargetID = 54C854D12016A5E9002DFA2B;
					};
				};
			};
			buildConfigurationList = 54C854CD2016A5E9002DFA2B /* Build configuration list for PBXProject "tipCalculator" */;
			compatibilityVersion = "Xcode 8.0";
			developmentRegion = en;
			hasScannedForEncodings = 0;
			knownRegions = (
				en,
				Base,
			);
			mainGroup = 54C854C92016A5E9002DFA2B;
			productRefGroup = 54C854D32016A5E9002DFA2B /* Products */;
			projectDirPath = "";
			projectRoot = "";
			targets = (
				54C854D12016A5E9002DFA2B /* tipCalculator */,
				54C854E52016A5EA002DFA2B /* tipCalculatorTests */,
				54C854F02016A5EA002DFA2B /* tipCalculatorUITests */,
			);
		};
/* End PBXProject section */

/* Begin PBXResourcesBuildPhase section */
		54C854D02016A5E9002DFA2B /* Resources */ = {
			isa = PBXResourcesBuildPhase;
			buildActionMask = 2147483647;
			files = (
				54C854E02016A5E9002DFA2B /* LaunchScreen.storyboard in Resources */,
				54C854DD2016A5E9002DFA2B /* Assets.xcassets in Resources */,
				54C854DB2016A5E9002DFA2B /* Main.storyboard in Resources */,
			);
			runOnlyForDeploymentPostprocessing = 0;
		};
		54C854E42016A5EA002DFA2B /* Resources */ = {
			isa = PBXResourcesBuildPhase;
			buildActionMask = 2147483647;
			files = (
			);
			runOnlyForDeploymentPostprocessing = 0;
		};
		54C854EF2016A5EA002DFA2B /* Resources */ = {
			isa = PBXResourcesBuildPhase;
			buildActionMask = 2147483647;
			files = (
			);
			runOnlyForDeploymentPostprocessing = 0;
		};
/* End PBXResourcesBuildPhase section */

/* Begin PBXSourcesBuildPhase section */
		54C854CE2016A5E9002DFA2B /* Sources */ = {
			isa = PBXSourcesBuildPhase;
			buildActionMask = 2147483647;
			files = (
				54C854D82016A5E9002DFA2B /* ViewController.swift in Sources */,
				54C854D62016A5E9002DFA2B /* AppDelegate.swift in Sources */,
			);
			runOnlyForDeploymentPostprocessing = 0;
		};
		54C854E22016A5EA002DFA2B /* Sources */ = {
			isa = PBXSourcesBuildPhase;
			buildActionMask = 2147483647;
			files = (
				54C854EB2016A5EA002DFA2B /* tipCalculatorTests.swift in Sources */,
			);
			runOnlyForDeploymentPostprocessing = 0;
		};
		54C854ED2016A5EA002DFA2B /* Sources */ = {
			isa = PBXSourcesBuildPhase;
			buildActionMask = 2147483647;
			files = (
				54C854F62016A5EA002DFA2B /* tipCalculatorUITests.swift in Sources */,
			);
			runOnlyForDeploymentPostprocessing = 0;
		};
/* End PBXSourcesBuildPhase section */

/* Begin PBXTargetDependency section */
		54C854E82016A5EA002DFA2B /* PBXTargetDependency */ = {
			isa = PBXTargetDependency;
			target = 54C854D12016A5E9002DFA2B /* tipCalculator */;
			targetProxy = 54C854E72016A5EA002DFA2B /* PBXContainerItemProxy */;
		};
		54C854F32016A5EA002DFA2B /* PBXTargetDependency */ = {
			isa = PBXTargetDependency;
			target = 54C854D12016A5E9002DFA2B /* tipCalculator */;
			targetProxy = 54C854F22016A5EA002DFA2B /* PBXContainerItemProxy */;
		};
/* End PBXTargetDependency section */

/* Begin PBXVariantGroup section */
		54C854D92016A5E9002DFA2B /* Main.storyboard */ = {
			isa = PBXVariantGroup;
			children = (
				54C854DA2016A5E9002DFA2B /* Base */,
			);
			name = Main.storyboard;
			sourceTree = "<group>";
		};
		54C854DE2016A5E9002DFA2B /* LaunchScreen.storyboard */ = {
			isa = PBXVariantGroup;
			children = (
				54C854DF2016A5E9002DFA2B /* Base */,
			);
			name = LaunchScreen.storyboard;
			sourceTree = "<group>";
		};
/* End PBXVariantGroup section */

/* Begin XCBuildConfiguration section */
		54C854F82016A5EA002DFA2B /* Debug */ = {
			isa = XCBuildConfiguration;
			buildSettings = {
				ALWAYS_SEARCH_USER_PATHS = NO;
				CLANG_ANALYZER_NONNULL = YES;
				CLANG_ANALYZER_NUMBER_OBJECT_CONVERSION = YES_AGGRESSIVE;
				CLANG_CXX_LANGUAGE_STANDARD = "gnu++14";
				CLANG_CXX_LIBRARY = "libc++";
				CLANG_ENABLE_MODULES = YES;
				CLANG_ENABLE_OBJC_ARC = YES;
				CLANG_WARN_BLOCK_CAPTURE_AUTORELEASING = YES;
				CLANG_WARN_BOOL_CONVERSION = YES;
				CLANG_WARN_COMMA = YES;
				CLANG_WARN_CONSTANT_CONVERSION = YES;
				CLANG_WARN_DIRECT_OBJC_ISA_USAGE = YES_ERROR;
				CLANG_WARN_DOCUMENTATION_COMMENTS = YES;
				CLANG_WARN_EMPTY_BODY = YES;
				CLANG_WARN_ENUM_CONVERSION = YES;
				CLANG_WARN_INFINITE_RECURSION = YES;
				CLANG_WARN_INT_CONVERSION = YES;
				CLANG_WARN_NON_LITERAL_NULL_CONVERSION = YES;
				CLANG_WARN_OBJC_LITERAL_CONVERSION = YES;
				CLANG_WARN_OBJC_ROOT_CLASS = YES_ERROR;
				CLANG_WARN_RANGE_LOOP_ANALYSIS = YES;
				CLANG_WARN_STRICT_PROTOTYPES = YES;
				CLANG_WARN_SUSPICIOUS_MOVE = YES;
				CLANG_WARN_UNGUARDED_AVAILABILITY = YES_AGGRESSIVE;
				CLANG_WARN_UNREACHABLE_CODE = YES;
				CLANG_WARN__DUPLICATE_METHOD_MATCH = YES;
				CODE_SIGN_IDENTITY = "iPhone Developer";
				COPY_PHASE_STRIP = NO;
				DEBUG_INFORMATION_FORMAT = dwarf;
				ENABLE_STRICT_OBJC_MSGSEND = YES;
				ENABLE_TESTABILITY = YES;
				GCC_C_LANGUAGE_STANDARD = gnu11;
				GCC_DYNAMIC_NO_PIC = NO;
				GCC_NO_COMMON_BLOCKS = YES;
				GCC_OPTIMIZATION_LEVEL = 0;
				GCC_PREPROCESSOR_DEFINITIONS = (
					"DEBUG=1",
					"$(inherited)",
				);
				GCC_WARN_64_TO_32_BIT_CONVERSION = YES;
				GCC_WARN_ABOUT_RETURN_TYPE = YES_ERROR;
				GCC_WARN_UNDECLARED_SELECTOR = YES;
				GCC_WARN_UNINITIALIZED_AUTOS = YES_AGGRESSIVE;
				GCC_WARN_UNUSED_FUNCTION = YES;
				GCC_WARN_UNUSED_VARIABLE = YES;
				IPHONEOS_DEPLOYMENT_TARGET = 11.2;
				MTL_ENABLE_DEBUG_INFO = YES;
				ONLY_ACTIVE_ARCH = YES;
				SDKROOT = iphoneos;
				SWIFT_ACTIVE_COMPILATION_CONDITIONS = DEBUG;
				SWIFT_OPTIMIZATION_LEVEL = "-Onone";
			};
			name = Debug;
		};
		54C854F92016A5EA002DFA2B /* Release */ = {
			isa = XCBuildConfiguration;
			buildSettings = {
				ALWAYS_SEARCH_USER_PATHS = NO;
				CLANG_ANALYZER_NONNULL = YES;
				CLANG_ANALYZER_NUMBER_OBJECT_CONVERSION = YES_AGGRESSIVE;
				CLANG_CXX_LANGUAGE_STANDARD = "gnu++14";
				CLANG_CXX_LIBRARY = "libc++";
				CLANG_ENABLE_MODULES = YES;
				CLANG_ENABLE_OBJC_ARC = YES;
				CLANG_WARN_BLOCK_CAPTURE_AUTORELEASING = YES;
				CLANG_WARN_BOOL_CONVERSION = YES;
				CLANG_WARN_COMMA = YES;
				CLANG_WARN_CONSTANT_CONVERSION = YES;
				CLANG_WARN_DIRECT_OBJC_ISA_USAGE = YES_ERROR;
				CLANG_WARN_DOCUMENTATION_COMMENTS = YES;
				CLANG_WARN_EMPTY_BODY = YES;
				CLANG_WARN_ENUM_CONVERSION = YES;
				CLANG_WARN_INFINITE_RECURSION = YES;
				CLANG_WARN_INT_CONVERSION = YES;
				CLANG_WARN_NON_LITERAL_NULL_CONVERSION = YES;
				CLANG_WARN_OBJC_LITERAL_CONVERSION = YES;
				CLANG_WARN_OBJC_ROOT_CLASS = YES_ERROR;
				CLANG_WARN_RANGE_LOOP_ANALYSIS = YES;
				CLANG_WARN_STRICT_PROTOTYPES = YES;
				CLANG_WARN_SUSPICIOUS_MOVE = YES;
				CLANG_WARN_UNGUARDED_AVAILABILITY = YES_AGGRESSIVE;
				CLANG_WARN_UNREACHABLE_CODE = YES;
				CLANG_WARN__DUPLICATE_METHOD_MATCH = YES;
				CODE_SIGN_IDENTITY = "iPhone Developer";
				COPY_PHASE_STRIP = NO;
				DEBUG_INFORMATION_FORMAT = "dwarf-with-dsym";
				ENABLE_NS_ASSERTIONS = NO;
				ENABLE_STRICT_OBJC_MSGSEND = YES;
				GCC_C_LANGUAGE_STANDARD = gnu11;
				GCC_NO_COMMON_BLOCKS = YES;
				GCC_WARN_64_TO_32_BIT_CONVERSION = YES;
				GCC_WARN_ABOUT_RETURN_TYPE = YES_ERROR;
				GCC_WARN_UNDECLARED_SELECTOR = YES;
				GCC_WARN_UNINITIALIZED_AUTOS = YES_AGGRESSIVE;
				GCC_WARN_UNUSED_FUNCTION = YES;
				GCC_WARN_UNUSED_VARIABLE = YES;
				IPHONEOS_DEPLOYMENT_TARGET = 11.2;
				MTL_ENABLE_DEBUG_INFO = NO;
				SDKROOT = iphoneos;
				SWIFT_OPTIMIZATION_LEVEL = "-Owholemodule";
				VALIDATE_PRODUCT = YES;
			};
			name = Release;
		};
		54C854FB2016A5EA002DFA2B /* Debug */ = {
			isa = XCBuildConfiguration;
			buildSettings = {
				ASSETCATALOG_COMPILER_APPICON_NAME = AppIcon;
				CODE_SIGN_STYLE = Automatic;
				INFOPLIST_FILE = tipCalculator/Info.plist;
				LD_RUNPATH_SEARCH_PATHS = "$(inherited) @executable_path/Frameworks";
				PRODUCT_BUNDLE_IDENTIFIER = com.DiMedina.tipCalculator;
				PRODUCT_NAME = "$(TARGET_NAME)";
				SWIFT_VERSION = 4.0;
				TARGETED_DEVICE_FAMILY = "1,2";
			};
			name = Debug;
		};
		54C854FC2016A5EA002DFA2B /* Release */ = {
			isa = XCBuildConfiguration;
			buildSettings = {
				ASSETCATALOG_COMPILER_APPICON_NAME = AppIcon;
				CODE_SIGN_STYLE = Automatic;
				INFOPLIST_FILE = tipCalculator/Info.plist;
				LD_RUNPATH_SEARCH_PATHS = "$(inherited) @executable_path/Frameworks";
				PRODUCT_BUNDLE_IDENTIFIER = com.DiMedina.tipCalculator;
				PRODUCT_NAME = "$(TARGET_NAME)";
				SWIFT_VERSION = 4.0;
				TARGETED_DEVICE_FAMILY = "1,2";
			};
			name = Release;
		};
		54C854FE2016A5EA002DFA2B /* Debug */ = {
			isa = XCBuildConfiguration;
			buildSettings = {
				ALWAYS_EMBED_SWIFT_STANDARD_LIBRARIES = YES;
				BUNDLE_LOADER = "$(TEST_HOST)";
				CODE_SIGN_STYLE = Automatic;
				INFOPLIST_FILE = tipCalculatorTests/Info.plist;
				LD_RUNPATH_SEARCH_PATHS = "$(inherited) @executable_path/Frameworks @loader_path/Frameworks";
				PRODUCT_BUNDLE_IDENTIFIER = com.DiMedina.tipCalculatorTests;
				PRODUCT_NAME = "$(TARGET_NAME)";
				SWIFT_VERSION = 4.0;
				TARGETED_DEVICE_FAMILY = "1,2";
				TEST_HOST = "$(BUILT_PRODUCTS_DIR)/tipCalculator.app/tipCalculator";
			};
			name = Debug;
		};
		54C854FF2016A5EA002DFA2B /* Release */ = {
			isa = XCBuildConfiguration;
			buildSettings = {
				ALWAYS_EMBED_SWIFT_STANDARD_LIBRARIES = YES;
				BUNDLE_LOADER = "$(TEST_HOST)";
				CODE_SIGN_STYLE = Automatic;
				INFOPLIST_FILE = tipCalculatorTests/Info.plist;
				LD_RUNPATH_SEARCH_PATHS = "$(inherited) @executable_path/Frameworks @loader_path/Frameworks";
				PRODUCT_BUNDLE_IDENTIFIER = com.DiMedina.tipCalculatorTests;
				PRODUCT_NAME = "$(TARGET_NAME)";
				SWIFT_VERSION = 4.0;
				TARGETED_DEVICE_FAMILY = "1,2";
				TEST_HOST = "$(BUILT_PRODUCTS_DIR)/tipCalculator.app/tipCalculator";
			};
			name = Release;
		};
		54C855012016A5EA002DFA2B /* Debug */ = {
			isa = XCBuildConfiguration;
			buildSettings = {
				ALWAYS_EMBED_SWIFT_STANDARD_LIBRARIES = YES;
				CODE_SIGN_STYLE = Automatic;
				INFOPLIST_FILE = tipCalculatorUITests/Info.plist;
				LD_RUNPATH_SEARCH_PATHS = "$(inherited) @executable_path/Frameworks @loader_path/Frameworks";
				PRODUCT_BUNDLE_IDENTIFIER = com.DiMedina.tipCalculatorUITests;
				PRODUCT_NAME = "$(TARGET_NAME)";
				SWIFT_VERSION = 4.0;
				TARGETED_DEVICE_FAMILY = "1,2";
				TEST_TARGET_NAME = tipCalculator;
			};
			name = Debug;
		};
		54C855022016A5EA002DFA2B /* Release */ = {
			isa = XCBuildConfiguration;
			buildSettings = {
				ALWAYS_EMBED_SWIFT_STANDARD_LIBRARIES = YES;
				CODE_SIGN_STYLE = Automatic;
				INFOPLIST_FILE = tipCalculatorUITests/Info.plist;
				LD_RUNPATH_SEARCH_PATHS = "$(inherited) @executable_path/Frameworks @loader_path/Frameworks";
				PRODUCT_BUNDLE_IDENTIFIER = com.DiMedina.tipCalculatorUITests;
				PRODUCT_NAME = "$(TARGET_NAME)";
				SWIFT_VERSION = 4.0;
				TARGETED_DEVICE_FAMILY = "1,2";
				TEST_TARGET_NAME = tipCalculator;
			};
			name = Release;
		};
/* End XCBuildConfiguration section */

/* Begin XCConfigurationList section */
		54C854CD2016A5E9002DFA2B /* Build configuration list for PBXProject "tipCalculator" */ = {
			isa = XCConfigurationList;
			buildConfigurations = (
				54C854F82016A5EA002DFA2B /* Debug */,
				54C854F92016A5EA002DFA2B /* Release */,
			);
			defaultConfigurationIsVisible = 0;
			defaultConfigurationName = Release;
		};
		54C854FA2016A5EA002DFA2B /* Build configuration list for PBXNativeTarget "tipCalculator" */ = {
			isa = XCConfigurationList;
			buildConfigurations = (
				54C854FB2016A5EA002DFA2B /* Debug */,
				54C854FC2016A5EA002DFA2B /* Release */,
			);
			defaultConfigurationIsVisible = 0;
			defaultConfigurationName = Release;
		};
		54C854FD2016A5EA002DFA2B /* Build configuration list for PBXNativeTarget "tipCalculatorTests" */ = {
			isa = XCConfigurationList;
			buildConfigurations = (
				54C854FE2016A5EA002DFA2B /* Debug */,
				54C854FF2016A5EA002DFA2B /* Release */,
			);
			defaultConfigurationIsVisible = 0;
			defaultConfigurationName = Release;
		};
		54C855002016A5EA002DFA2B /* Build configuration list for PBXNativeTarget "tipCalculatorUITests" */ = {
			isa = XCConfigurationList;
			buildConfigurations = (
				54C855012016A5EA002DFA2B /* Debug */,
				54C855022016A5EA002DFA2B /* Release */,
			);
			defaultConfigurationIsVisible = 0;
			defaultConfigurationName = Release;
		};
/* End XCConfigurationList section */
	};
	rootObject = 54C854CA2016A5E9002DFA2B /* Project object */;
}
